# THIS IS AN AUTOGENERATED FILE. DO NOT EDIT THIS FILE DIRECTLY.
# yarn lockfile v1


active-x-obfuscator@0.0.1:
  version "0.0.1"
  resolved "https://registry.yarnpkg.com/active-x-obfuscator/-/active-x-obfuscator-0.0.1.tgz#089b89b37145ff1d9ec74af6530be5526cae1f1a"
  dependencies:
    zeparser "0.0.5"

base64id@0.1.0:
  version "0.1.0"
  resolved "https://registry.yarnpkg.com/base64id/-/base64id-0.1.0.tgz#02ce0fdeee0cef4f40080e1e73e834f0b1bfce3f"

commander@~2.1.0:
  version "2.1.0"
  resolved "https://registry.yarnpkg.com/commander/-/commander-2.1.0.tgz#d121bbae860d9992a3d517ba96f56588e47c6781"

cookie@^0.3.1:
  version "0.3.1"
  resolved "https://registry.yarnpkg.com/cookie/-/cookie-0.3.1.tgz#e7e0a1f9ef43b4c8ba925c5c5a96e806d16873bb"

double-ended-queue@^2.1.0-0:
  version "2.1.0-0"
  resolved "https://registry.yarnpkg.com/double-ended-queue/-/double-ended-queue-2.1.0-0.tgz#103d3527fd31528f40188130c841efdd78264e5c"

nan@~1.0.0:
  version "1.0.0"
  resolved "https://registry.yarnpkg.com/nan/-/nan-1.0.0.tgz#ae24f8850818d662fcab5acf7f3b95bfaa2ccf38"

options@>=0.0.5:
  version "0.0.6"
  resolved "https://registry.yarnpkg.com/options/-/options-0.0.6.tgz#ec22d312806bb53e731773e7cdaefcf1c643128f"

policyfile@0.0.4:
  version "0.0.4"
  resolved "https://registry.yarnpkg.com/policyfile/-/policyfile-0.0.4.tgz#d6b82ead98ae79ebe228e2daf5903311ec982e4d"

redis-commands@^1.2.0:
  version "1.3.1"
  resolved "https://registry.yarnpkg.com/redis-commands/-/redis-commands-1.3.1.tgz#81d826f45fa9c8b2011f4cd7a0fe597d241d442b"

redis-parser@^2.0.0:
  version "2.4.0"
  resolved "https://registry.yarnpkg.com/redis-parser/-/redis-parser-2.4.0.tgz#018ea743077aae944d0b798b2fd12587320bf3c9"

redis@0.7.3:
  version "0.7.3"
  resolved "https://registry.yarnpkg.com/redis/-/redis-0.7.3.tgz#ee57b7a44d25ec1594e44365d8165fa7d1d4811a"

redis@^2.6.5:
  version "2.6.5"
  resolved "https://registry.yarnpkg.com/redis/-/redis-2.6.5.tgz#87c1eff4a489f94b70871f3d08b6988f23a95687"
  dependencies:
    double-ended-queue "^2.1.0-0"
    redis-commands "^1.2.0"
    redis-parser "^2.0.0"

socket.io-client@0.9.16:
  version "0.9.16"
  resolved "https://registry.yarnpkg.com/socket.io-client/-/socket.io-client-0.9.16.tgz#4da7515c5e773041d1b423970415bcc430f35fc6"
  dependencies:
    active-x-obfuscator "0.0.1"
    uglify-js "1.2.5"
    ws "0.4.x"
    xmlhttprequest "1.4.2"

socket.io@0.9:
  version "0.9.17"
  resolved "https://registry.yarnpkg.com/socket.io/-/socket.io-0.9.17.tgz#ca389268fb2cd5df4b59218490a08c907581c9ec"
  dependencies:
    base64id "0.1.0"
    policyfile "0.0.4"
    socket.io-client "0.9.16"
  optionalDependencies:
    redis "0.7.3"

tinycolor@0.x:
  version "0.0.1"
  resolved "https://registry.yarnpkg.com/tinycolor/-/tinycolor-0.0.1.tgz#320b5a52d83abb5978d81a3e887d4aefb15a6164"

uglify-js@1.2.5:
  version "1.2.5"
  resolved "https://registry.yarnpkg.com/uglify-js/-/uglify-js-1.2.5.tgz#b542c2c76f78efb34b200b20177634330ff702b6"

ws@0.4.x:
  version "0.4.32"
  resolved "https://registry.yarnpkg.com/ws/-/ws-0.4.32.tgz#787a6154414f3c99ed83c5772153b20feb0cec32"
  dependencies:
    commander "~2.1.0"
    nan "~1.0.0"
    options ">=0.0.5"
    tinycolor "0.x"

xmlhttprequest@1.4.2:
  version "1.4.2"
  resolved "https://registry.yarnpkg.com/xmlhttprequest/-/xmlhttprequest-1.4.2.tgz#01453a1d9bed1e8f172f6495bbf4c8c426321500"

zeparser@0.0.5:
  version "0.0.5"
  resolved "https://registry.yarnpkg.com/zeparser/-/zeparser-0.0.5.tgz#03726561bc268f2e5444f54c665b7fd4a8c029e2"
